// !$*UTF8*$!
{
	archiveVersion = 1;
	classes = {
	};
	objectVersion = 46;
	objects = {

/* Begin PBXBuildFile section */
		371573D61BFC285300A89229 /* AppDelegate.swift in Sources */ = {isa = PBXBuildFile; fileRef = 371573D51BFC285300A89229 /* AppDelegate.swift */; };
		371573D81BFC285300A89229 /* ViewController.swift in Sources */ = {isa = PBXBuildFile; fileRef = 371573D71BFC285300A89229 /* ViewController.swift */; };
		371573DD1BFC285300A89229 /* Images.xcassets in Resources */ = {isa = PBXBuildFile; fileRef = 371573DC1BFC285300A89229 /* Images.xcassets */; };
		371573EC1BFC285300A89229 /* Add1Tests.swift in Sources */ = {isa = PBXBuildFile; fileRef = 371573EB1BFC285300A89229 /* Add1Tests.swift */; };
		371573F71BFC295D00A89229 /* MainViewController.swift in Sources */ = {isa = PBXBuildFile; fileRef = 371573F51BFC295D00A89229 /* MainViewController.swift */; };
		371573F81BFC295D00A89229 /* MainViewController.xib in Resources */ = {isa = PBXBuildFile; fileRef = 371573F61BFC295D00A89229 /* MainViewController.xib */; };
/* End PBXBuildFile section */

/* Begin PBXContainerItemProxy section */
		371573E61BFC285300A89229 /* PBXContainerItemProxy */ = {
			isa = PBXContainerItemProxy;
			containerPortal = 371573C81BFC285300A89229 /* Project object */;
			proxyType = 1;
			remoteGlobalIDString = 371573CF1BFC285300A89229;
			remoteInfo = Add1;
		};
/* End PBXContainerItemProxy section */

/* Begin PBXFileReference section */
		371573D01BFC285300A89229 /* Add1.app */ = {isa = PBXFileReference; explicitFileType = wrapper.application; includeInIndex = 0; path = Add1.app; sourceTree = BUILT_PRODUCTS_DIR; };
		371573D41BFC285300A89229 /* Info.plist */ = {isa = PBXFileReference; lastKnownFileType = text.plist.xml; path = Info.plist; sourceTree = "<group>"; };
		371573D51BFC285300A89229 /* AppDelegate.swift */ = {isa = PBXFileReference; lastKnownFileType = sourcecode.swift; path = AppDelegate.swift; sourceTree = "<group>"; };
		371573D71BFC285300A89229 /* ViewController.swift */ = {isa = PBXFileReference; lastKnownFileType = sourcecode.swift; path = ViewController.swift; sourceTree = "<group>"; };
		371573DC1BFC285300A89229 /* Images.xcassets */ = {isa = PBXFileReference; lastKnownFileType = folder.assetcatalog; path = Images.xcassets; sourceTree = "<group>"; };
		371573E51BFC285300A89229 /* Add1Tests.xctest */ = {isa = PBXFileReference; explicitFileType = wrapper.cfbundle; includeInIndex = 0; path = Add1Tests.xctest; sourceTree = BUILT_PRODUCTS_DIR; };
		371573EA1BFC285300A89229 /* Info.plist */ = {isa = PBXFileReference; lastKnownFileType = text.plist.xml; path = Info.plist; sourceTree = "<group>"; };
		371573EB1BFC285300A89229 /* Add1Tests.swift */ = {isa = PBXFileReference; lastKnownFileType = sourcecode.swift; path = Add1Tests.swift; sourceTree = "<group>"; };
		371573F51BFC295D00A89229 /* MainViewController.swift */ = {isa = PBXFileReference; fileEncoding = 4; lastKnownFileType = sourcecode.swift; path = MainViewController.swift; sourceTree = "<group>"; };
		371573F61BFC295D00A89229 /* MainViewController.xib */ = {isa = PBXFileReference; fileEncoding = 4; lastKnownFileType = file.xib; path = MainViewController.xib; sourceTree = "<group>"; };
/* End PBXFileReference section */

/* Begin PBXFrameworksBuildPhase section */
		371573CD1BFC285300A89229 /* Frameworks */ = {
			isa = PBXFrameworksBuildPhase;
			buildActionMask = 2147483647;
			files = (
			);
			runOnlyForDeploymentPostprocessing = 0;
		};
		371573E21BFC285300A89229 /* Frameworks */ = {
			isa = PBXFrameworksBuildPhase;
			buildActionMask = 2147483647;
			files = (
			);
			runOnlyForDeploymentPostprocessing = 0;
		};
/* End PBXFrameworksBuildPhase section */

/* Begin PBXGroup section */
		371573C71BFC285300A89229 = {
			isa = PBXGroup;
			children = (
				371573F51BFC295D00A89229 /* MainViewController.swift */,
				371573F61BFC295D00A89229 /* MainViewController.xib */,
				371573D21BFC285300A89229 /* Add1 */,
				371573E81BFC285300A89229 /* Add1Tests */,
				371573D11BFC285300A89229 /* Products */,
			);
			sourceTree = "<group>";
		};
		371573D11BFC285300A89229 /* Products */ = {
			isa = PBXGroup;
			children = (
				371573D01BFC285300A89229 /* Add1.app */,
				371573E51BFC285300A89229 /* Add1Tests.xctest */,
			);
			name = Products;
			sourceTree = "<group>";
		};
		371573D21BFC285300A89229 /* Add1 */ = {
			isa = PBXGroup;
			children = (
				371573D51BFC285300A89229 /* AppDelegate.swift */,
				371573D71BFC285300A89229 /* ViewController.swift */,
				371573DC1BFC285300A89229 /* Images.xcassets */,
				371573D31BFC285300A89229 /* Supporting Files */,
			);
			path = Add1;
			sourceTree = "<group>";
		};
		371573D31BFC285300A89229 /* Supporting Files */ = {
			isa = PBXGroup;
			children = (
				371573D41BFC285300A89229 /* Info.plist */,
			);
			name = "Supporting Files";
			sourceTree = "<group>";
		};
		371573E81BFC285300A89229 /* Add1Tests */ = {
			isa = PBXGroup;
			children = (
				371573EB1BFC285300A89229 /* Add1Tests.swift */,
				371573E91BFC285300A89229 /* Supporting Files */,
			);
			path = Add1Tests;
			sourceTree = "<group>";
		};
		371573E91BFC285300A89229 /* Supporting Files */ = {
			isa = PBXGroup;
			children = (
				371573EA1BFC285300A89229 /* Info.plist */,
			);
			name = "Supporting Files";
			sourceTree = "<group>";
		};
/* End PBXGroup section */

/* Begin PBXNativeTarget section */
		371573CF1BFC285300A89229 /* Add1 */ = {
			isa = PBXNativeTarget;
			buildConfigurationList = 371573EF1BFC285300A89229 /* Build configuration list for PBXNativeTarget "Add1" */;
			buildPhases = (
				371573CC1BFC285300A89229 /* Sources */,
				371573CD1BFC285300A89229 /* Frameworks */,
				371573CE1BFC285300A89229 /* Resources */,
			);
			buildRules = (
			);
			dependencies = (
			);
			name = Add1;
			productName = Add1;
			productReference = 371573D01BFC285300A89229 /* Add1.app */;
			productType = "com.apple.product-type.application";
		};
		371573E41BFC285300A89229 /* Add1Tests */ = {
			isa = PBXNativeTarget;
			buildConfigurationList = 371573F21BFC285300A89229 /* Build configuration list for PBXNativeTarget "Add1Tests" */;
			buildPhases = (
				371573E11BFC285300A89229 /* Sources */,
				371573E21BFC285300A89229 /* Frameworks */,
				371573E31BFC285300A89229 /* Resources */,
			);
			buildRules = (
			);
			dependencies = (
				371573E71BFC285300A89229 /* PBXTargetDependency */,
			);
			name = Add1Tests;
			productName = Add1Tests;
			productReference = 371573E51BFC285300A89229 /* Add1Tests.xctest */;
			productType = "com.apple.product-type.bundle.unit-test";
		};
/* End PBXNativeTarget section */

/* Begin PBXProject section */
		371573C81BFC285300A89229 /* Project object */ = {
			isa = PBXProject;
			attributes = {
				LastUpgradeCheck = 0630;
				ORGANIZATIONNAME = ZachConnAppMaking;
				TargetAttributes = {
					371573CF1BFC285300A89229 = {
						CreatedOnToolsVersion = 6.3.2;
					};
					371573E41BFC285300A89229 = {
						CreatedOnToolsVersion = 6.3.2;
						TestTargetID = 371573CF1BFC285300A89229;
					};
				};
			};
			buildConfigurationList = 371573CB1BFC285300A89229 /* Build configuration list for PBXProject "Add1" */;
			compatibilityVersion = "Xcode 3.2";
			developmentRegion = English;
			hasScannedForEncodings = 0;
			knownRegions = (
				en,
				Base,
			);
			mainGroup = 371573C71BFC285300A89229;
			productRefGroup = 371573D11BFC285300A89229 /* Products */;
			projectDirPath = "";
			projectRoot = "";
			targets = (
				371573CF1BFC285300A89229 /* Add1 */,
				371573E41BFC285300A89229 /* Add1Tests */,
			);
		};
/* End PBXProject section */

/* Begin PBXResourcesBuildPhase section */
		371573CE1BFC285300A89229 /* Resources */ = {
			isa = PBXResourcesBuildPhase;
			buildActionMask = 2147483647;
			files = (
				371573DD1BFC285300A89229 /* Images.xcassets in Resources */,
				371573F81BFC295D00A89229 /* MainViewController.xib in Resources */,
			);
			runOnlyForDeploymentPostprocessing = 0;
		};
		371573E31BFC285300A89229 /* Resources */ = {
			isa = PBXResourcesBuildPhase;
			buildActionMask = 2147483647;
			files = (
			);
			runOnlyForDeploymentPostprocessing = 0;
		};
/* End PBXResourcesBuildPhase section */

/* Begin PBXSourcesBuildPhase section */
		371573CC1BFC285300A89229 /* Sources */ = {
			isa = PBXSourcesBuildPhase;
			buildActionMask = 2147483647;
			files = (
				371573F71BFC295D00A89229 /* MainViewController.swift in Sources */,
				371573D81BFC285300A89229 /* ViewController.swift in Sources */,
				371573D61BFC285300A89229 /* AppDelegate.swift in Sources */,
			);
			runOnlyForDeploymentPostprocessing = 0;
		};
		371573E11BFC285300A89229 /* Sources */ = {
			isa = PBXSourcesBuildPhase;
			buildActionMask = 2147483647;
			files = (
				371573EC1BFC285300A89229 /* Add1Tests.swift in Sources */,
			);
			runOnlyForDeploymentPostprocessing = 0;
		};
/* End PBXSourcesBuildPhase section */

/* Begin PBXTargetDependency section */
		371573E71BFC285300A89229 /* PBXTargetDependency */ = {
			isa = PBXTargetDependency;
			target = 371573CF1BFC285300A89229 /* Add1 */;
			targetProxy = 371573E61BFC285300A89229 /* PBXContainerItemProxy */;
		};
/* End PBXTargetDependency section */

/* Begin XCBuildConfiguration section */
		371573ED1BFC285300A89229 /* Debug */ = {
			isa = XCBuildConfiguration;
			buildSettings = {
				ALWAYS_SEARCH_USER_PATHS = NO;
				CLANG_CXX_LANGUAGE_STANDARD = "gnu++0x";
				CLANG_CXX_LIBRARY = "libc++";
				CLANG_ENABLE_MODULES = YES;
				CLANG_ENABLE_OBJC_ARC = YES;
				CLANG_WARN_BOOL_CONVERSION = YES;
				CLANG_WARN_CONSTANT_CONVERSION = YES;
				CLANG_WARN_DIRECT_OBJC_ISA_USAGE = YES_ERROR;
				CLANG_WARN_EMPTY_BODY = YES;
				CLANG_WARN_ENUM_CONVERSION = YES;
				CLANG_WARN_INT_CONVERSION = YES;
				CLANG_WARN_OBJC_ROOT_CLASS = YES_ERROR;
				CLANG_WARN_UNREACHABLE_CODE = YES;
				CLANG_WARN__DUPLICATE_METHOD_MATCH = YES;
				"CODE_SIGN_IDENTITY[sdk=iphoneos*]" = "iPhone Developer";
				COPY_PHASE_STRIP = NO;
				DEBUG_INFORMATION_FORMAT = "dwarf-with-dsym";
				ENABLE_STRICT_OBJC_MSGSEND = YES;
				GCC_C_LANGUAGE_STANDARD = gnu99;
				GCC_DYNAMIC_NO_PIC = NO;
				GCC_NO_COMMON_BLOCKS = YES;
				GCC_OPTIMIZATION_LEVEL = 0;
				GCC_PREPROCESSOR_DEFINITIONS = (
					"DEBUG=1",
					"$(inherited)",
				);
				GCC_SYMBOLS_PRIVATE_EXTERN = NO;
				GCC_WARN_64_TO_32_BIT_CONVERSION = YES;
				GCC_WARN_ABOUT_RETURN_TYPE = YES_ERROR;
				GCC_WARN_UNDECLARED_SELECTOR = YES;
				GCC_WARN_UNINITIALIZED_AUTOS = YES_AGGRESSIVE;
				GCC_WARN_UNUSED_FUNCTION = YES;
				GCC_WARN_UNUSED_VARIABLE = YES;
				IPHONEOS_DEPLOYMENT_TARGET = 8.3;
				MTL_ENABLE_DEBUG_INFO = YES;
				ONLY_ACTIVE_ARCH = YES;
				SDKROOT = iphoneos;
				SWIFT_OPTIMIZATION_LEVEL = "-Onone";
				TARGETED_DEVICE_FAMILY = "1,2";
			};
			name = Debug;
		};
		371573EE1BFC285300A89229 /* Release */ = {
			isa = XCBuildConfiguration;
			buildSettings = {
				ALWAYS_SEARCH_USER_PATHS = NO;
				CLANG_CXX_LANGUAGE_STANDARD = "gnu++0x";
				CLANG_CXX_LIBRARY = "libc++";
				CLANG_ENABLE_MODULES = YES;
				CLANG_ENABLE_OBJC_ARC = YES;
				CLANG_WARN_BOOL_CONVERSION = YES;
				CLANG_WARN_CONSTANT_CONVERSION = YES;
				CLANG_WARN_DIRECT_OBJC_ISA_USAGE = YES_ERROR;
				CLANG_WARN_EMPTY_BODY = YES;
				CLANG_WARN_ENUM_CONVERSION = YES;
				CLANG_WARN_INT_CONVERSION = YES;
				CLANG_WARN_OBJC_ROOT_CLASS = YES_ERROR;
				CLANG_WARN_UNREACHABLE_CODE = YES;
				CLANG_WARN__DUPLICATE_METHOD_MATCH = YES;
				"CODE_SIGN_IDENTITY[sdk=iphoneos*]" = "iPhone Developer";
				COPY_PHASE_STRIP = NO;
				DEBUG_INFORMATION_FORMAT = "dwarf-with-dsym";
				ENABLE_NS_ASSERTIONS = NO;
				ENABLE_STRICT_OBJC_MSGSEND = YES;
				GCC_C_LANGUAGE_STANDARD = gnu99;
				GCC_NO_COMMON_BLOCKS = YES;
				GCC_WARN_64_TO_32_BIT_CONVERSION = YES;
				GCC_WARN_ABOUT_RETURN_TYPE = YES_ERROR;
				GCC_WARN_UNDECLARED_SELECTOR = YES;
				GCC_WARN_UNINITIALIZED_AUTOS = YES_AGGRESSIVE;
				GCC_WARN_UNUSED_FUNCTION = YES;
				GCC_WARN_UNUSED_VARIABLE = YES;
				IPHONEOS_DEPLOYMENT_TARGET = 8.3;
				MTL_ENABLE_DEBUG_INFO = NO;
				SDKROOT = iphoneos;
				TARGETED_DEVICE_FAMILY = "1,2";
				VALIDATE_PRODUCT = YES;
			};
			name = Release;
		};
		371573F01BFC285300A89229 /* Debug */ = {
			isa = XCBuildConfiguration;
			buildSettings = {
				ASSETCATALOG_COMPILER_APPICON_NAME = AppIcon;
				INFOPLIST_FILE = Add1/Info.plist;
				LD_RUNPATH_SEARCH_PATHS = "$(inherited) @executable_path/Frameworks";
				PRODUCT_NAME = "$(TARGET_NAME)";
			};
			name = Debug;
		};
		371573F11BFC285300A89229 /* Release */ = {
			isa = XCBuildConfiguration;
			buildSettings = {
				ASSETCATALOG_COMPILER_APPICON_NAME = AppIcon;
				INFOPLIST_FILE = Add1/Info.plist;
				LD_RUNPATH_SEARCH_PATHS = "$(inherited) @executable_path/Frameworks";
				PRODUCT_NAME = "$(TARGET_NAME)";
			};
			name = Release;
		};
		371573F31BFC285300A89229 /* Debug */ = {
			isa = XCBuildConfiguration;
			buildSettings = {
				BUNDLE_LOADER = "$(TEST_HOST)";
				FRAMEWORK_SEARCH_PATHS = (
					"$(SDKROOT)/Developer/Library/Frameworks",
					"$(inherited)",
				);
				GCC_PREPROCESSOR_DEFINITIONS = (
					"DEBUG=1",
					"$(inherited)",
				);
				INFOPLIST_FILE = Add1Tests/Info.plist;
				LD_RUNPATH_SEARCH_PATHS = "$(inherited) @executable_path/Frameworks @loader_path/Frameworks";
				PRODUCT_NAME = "$(TARGET_NAME)";
				TEST_HOST = "$(BUILT_PRODUCTS_DIR)/Add1.app/Add1";
			};
			name = Debug;
		};
		371573F41BFC285300A89229 /* Release */ = {
			isa = XCBuildConfiguration;
			buildSettings = {
				BUNDLE_LOADER = "$(TEST_HOST)";
				FRAMEWORK_SEARCH_PATHS = (
					"$(SDKROOT)/Developer/Library/Frameworks",
					"$(inherited)",
				);
				INFOPLIST_FILE = Add1Tests/Info.plist;
				LD_RUNPATH_SEARCH_PATHS = "$(inherited) @executable_path/Frameworks @loader_path/Frameworks";
				PRODUCT_NAME = "$(TARGET_NAME)";
				TEST_HOST = "$(BUILT_PRODUCTS_DIR)/Add1.app/Add1";
			};
			name = Release;
		};
/* End XCBuildConfiguration section */

/* Begin XCConfigurationList section */
		371573CB1BFC285300A89229 /* Build configuration list for PBXProject "Add1" */ = {
			isa = XCConfigurationList;
			buildConfigurations = (
				371573ED1BFC285300A89229 /* Debug */,
				371573EE1BFC285300A89229 /* Release */,
			);
			defaultConfigurationIsVisible = 0;
			defaultConfigurationName = Release;
		};
		371573EF1BFC285300A89229 /* Build configuration list for PBXNativeTarget "Add1" */ = {
			isa = XCConfigurationList;
			buildConfigurations = (
				371573F01BFC285300A89229 /* Debug */,
				371573F11BFC285300A89229 /* Release */,
			);
			defaultConfigurationIsVisible = 0;
		};
		371573F21BFC285300A89229 /* Build configuration list for PBXNativeTarget "Add1Tests" */ = {
			isa = XCConfigurationList;
			buildConfigurations = (
				371573F31BFC285300A89229 /* Debug */,
				371573F41BFC285300A89229 /* Release */,
			);
			defaultConfigurationIsVisible = 0;
		};
/* End XCConfigurationList section */
	};
	rootObject = 371573C81BFC285300A89229 /* Project object */;
}
